PODS:
  - Differentiator (3.0.2)
  - MJRefresh (3.1.15.3)
  - ReactorKit (1.1.0):
    - RxSwift (>= 4.0.0)
  - RxCocoa (4.1.2):
    - RxSwift (~> 4.0)
  - RxDataSources (3.0.2):
    - Differentiator (~> 3.0)
    - RxCocoa (~> 4.0)
    - RxSwift (~> 4.0)
  - RxSwift (4.1.2)

DEPENDENCIES:
  - MJRefresh
  - ReactorKit
  - RxCocoa
  - RxDataSources
  - RxSwift

SPEC REPOS:
  https://github.com/cocoapods/specs.git:
    - Differentiator
    - MJRefresh
    - ReactorKit
    - RxCocoa
    - RxDataSources
    - RxSwift

SPEC CHECKSUMS:
  Differentiator: a87be69eba49ec4ab460c7671143ee3a9eececfd
  MJRefresh: b48380ae2b927b46c4ef000de9adb8dc748e1df7
  ReactorKit: 26470a9eff5094fae909a30af0be7cd0cf8a182d
  RxCocoa: d88ba0f1f6abf040011a9eb4b539324fc426843a
  RxDataSources: cb7c31e652a87ebb919da45f716bbb87b3765f6b
  RxSwift: e49536837d9901277638493ea537394d4b55f570

PODFILE CHECKSUM: 2adc58f521d91f1473d1217262f4915060ac0d6e

COCOAPODS: 1.5.3
